
Microsoft Visual Studio Solution File, Format Version 12.00
# Visual Studio Version 16
VisualStudioVersion = 16.0.28803.452
MinimumVisualStudioVersion = 10.0.40219.1
Project("{FAE04EC0-301F-11D3-BF4B-00C04F79EFBC}") = "FolderMonitor", "FolderMonitor\FolderMonitor.csproj", "{E8E4E9F1-950D-45E8-9A9B-FE810832BC73}"
EndProject
Global
	GlobalSection(SolutionConfigurationPlatforms) = preSolution
		Debug|Any CPU = Debug|Any CPU
		Release|Any CPU = Release|Any CPU
	EndGlobalSection
	GlobalSection(ProjectConfigurationPlatforms) = postSolution
		{E8E4E9F1-950D-45E8-9A9B-FE810832BC73}.Debug|Any CPU.ActiveCfg = Debug|Any CPU
		{E8E4E9F1-950D-45E8-9A9B-FE810832BC73}.Debug|Any CPU.Build.0 = Debug|Any CPU
		{E8E4E9F1-950D-45E8-9A9B-FE810832BC73}.Release|Any CPU.ActiveCfg = Release|Any CPU
		{E8E4E9F1-950D-45E8-9A9B-FE810832BC73}.Release|Any CPU.Build.0 = Release|Any CPU
	EndGlobalSection
	GlobalSection(SolutionProperties) = preSolution
		HideSolutionNode = FALSE
	EndGlobalSection
	GlobalSection(ExtensibilityGlobals) = postSolution
		SolutionGuid = {13CE27B2-F25E-49FA-A483-BC583C29AFA6}
	EndGlobalSection
EndGlobal
